
Microsoft Visual Studio Solution File, Format Version 12.00
# Visual Studio Version 16
VisualStudioVersion = 16.0.30011.22
MinimumVisualStudioVersion = 10.0.40219.1
Project("{FAE04EC0-301F-11D3-BF4B-00C04F79EFBC}") = "UVFYAuth", "UVFYAuth\UVFYAuth.csproj", "{482C001F-27DD-464E-A2BB-419189C04754}"
EndProject
Global
	GlobalSection(SolutionConfigurationPlatforms) = preSolution
		Debug|Any CPU = Debug|Any CPU
		Release|Any CPU = Release|Any CPU
	EndGlobalSection
	GlobalSection(ProjectConfigurationPlatforms) = postSolution
		{482C001F-27DD-464E-A2BB-419189C04754}.Debug|Any CPU.ActiveCfg = Debug|Any CPU
		{482C001F-27DD-464E-A2BB-419189C04754}.Debug|Any CPU.Build.0 = Debug|Any CPU
		{482C001F-27DD-464E-A2BB-419189C04754}.Release|Any CPU.ActiveCfg = Release|Any CPU
		{482C001F-27DD-464E-A2BB-419189C04754}.Release|Any CPU.Build.0 = Release|Any CPU
	EndGlobalSection
	GlobalSection(SolutionProperties) = preSolution
		HideSolutionNode = FALSE
	EndGlobalSection
	GlobalSection(ExtensibilityGlobals) = postSolution
		SolutionGuid = {F58E16A5-28AB-49DA-8366-BD0EA292C546}
	EndGlobalSection
EndGlobal
