
Microsoft Visual Studio Solution File, Format Version 12.00
# Visual Studio Version 16
VisualStudioVersion = 16.0.30011.22
MinimumVisualStudioVersion = 10.0.40219.1
Project("{FAE04EC0-301F-11D3-BF4B-00C04F79EFBC}") = "UVFYArchivos", "UVFYArchivos\UVFYArchivos.csproj", "{1525EE68-A4BE-4062-A629-25DAED04ED00}"
EndProject
Global
	GlobalSection(SolutionConfigurationPlatforms) = preSolution
		Debug|Any CPU = Debug|Any CPU
		Release|Any CPU = Release|Any CPU
	EndGlobalSection
	GlobalSection(ProjectConfigurationPlatforms) = postSolution
		{1525EE68-A4BE-4062-A629-25DAED04ED00}.Debug|Any CPU.ActiveCfg = Debug|Any CPU
		{1525EE68-A4BE-4062-A629-25DAED04ED00}.Debug|Any CPU.Build.0 = Debug|Any CPU
		{1525EE68-A4BE-4062-A629-25DAED04ED00}.Release|Any CPU.ActiveCfg = Release|Any CPU
		{1525EE68-A4BE-4062-A629-25DAED04ED00}.Release|Any CPU.Build.0 = Release|Any CPU
	EndGlobalSection
	GlobalSection(SolutionProperties) = preSolution
		HideSolutionNode = FALSE
	EndGlobalSection
	GlobalSection(ExtensibilityGlobals) = postSolution
		SolutionGuid = {97D5C541-600E-4C94-B6D1-1D69C9F7E86A}
	EndGlobalSection
EndGlobal
