
Microsoft Visual Studio Solution File, Format Version 12.00
# Visual Studio Version 16
VisualStudioVersion = 16.0.30011.22
MinimumVisualStudioVersion = 10.0.40219.1
Project("{FAE04EC0-301F-11D3-BF4B-00C04F79EFBC}") = "UVFYGuardadoDeArchivos", "UVFYGuardadoDeArchivos\UVFYGuardadoDeArchivos.csproj", "{B98FAEAB-D4F2-498B-9709-4289AA0BD04D}"
EndProject
Global
	GlobalSection(SolutionConfigurationPlatforms) = preSolution
		Debug|Any CPU = Debug|Any CPU
		Release|Any CPU = Release|Any CPU
	EndGlobalSection
	GlobalSection(ProjectConfigurationPlatforms) = postSolution
		{B98FAEAB-D4F2-498B-9709-4289AA0BD04D}.Debug|Any CPU.ActiveCfg = Debug|Any CPU
		{B98FAEAB-D4F2-498B-9709-4289AA0BD04D}.Debug|Any CPU.Build.0 = Debug|Any CPU
		{B98FAEAB-D4F2-498B-9709-4289AA0BD04D}.Release|Any CPU.ActiveCfg = Release|Any CPU
		{B98FAEAB-D4F2-498B-9709-4289AA0BD04D}.Release|Any CPU.Build.0 = Release|Any CPU
	EndGlobalSection
	GlobalSection(SolutionProperties) = preSolution
		HideSolutionNode = FALSE
	EndGlobalSection
	GlobalSection(ExtensibilityGlobals) = postSolution
		SolutionGuid = {21E0A4E4-2CE5-4F52-B497-17656150D5F1}
	EndGlobalSection
EndGlobal
