
Microsoft Visual Studio Solution File, Format Version 12.00
# Visual Studio Version 16
VisualStudioVersion = 16.0.30011.22
MinimumVisualStudioVersion = 10.0.40219.1
Project("{FAE04EC0-301F-11D3-BF4B-00C04F79EFBC}") = "InterfazGrafica", "UVFYCliente\InterfazGrafica.csproj", "{C2123C99-8693-44ED-94F4-A59BF89AB638}"
EndProject
Project("{FAE04EC0-301F-11D3-BF4B-00C04F79EFBC}") = "Logica", "Logica\Logica.csproj", "{3DF599D8-E2CE-4934-BE52-95EDA571FB56}"
EndProject
Global
	GlobalSection(SolutionConfigurationPlatforms) = preSolution
		Debug|Any CPU = Debug|Any CPU
		Release|Any CPU = Release|Any CPU
	EndGlobalSection
	GlobalSection(ProjectConfigurationPlatforms) = postSolution
		{C2123C99-8693-44ED-94F4-A59BF89AB638}.Debug|Any CPU.ActiveCfg = Debug|Any CPU
		{C2123C99-8693-44ED-94F4-A59BF89AB638}.Debug|Any CPU.Build.0 = Debug|Any CPU
		{C2123C99-8693-44ED-94F4-A59BF89AB638}.Release|Any CPU.ActiveCfg = Release|Any CPU
		{C2123C99-8693-44ED-94F4-A59BF89AB638}.Release|Any CPU.Build.0 = Release|Any CPU
		{3DF599D8-E2CE-4934-BE52-95EDA571FB56}.Debug|Any CPU.ActiveCfg = Debug|Any CPU
		{3DF599D8-E2CE-4934-BE52-95EDA571FB56}.Debug|Any CPU.Build.0 = Debug|Any CPU
		{3DF599D8-E2CE-4934-BE52-95EDA571FB56}.Release|Any CPU.ActiveCfg = Release|Any CPU
		{3DF599D8-E2CE-4934-BE52-95EDA571FB56}.Release|Any CPU.Build.0 = Release|Any CPU
	EndGlobalSection
	GlobalSection(SolutionProperties) = preSolution
		HideSolutionNode = FALSE
	EndGlobalSection
	GlobalSection(ExtensibilityGlobals) = postSolution
		SolutionGuid = {F3772BD7-02DC-4586-A772-CFD02A196EBC}
	EndGlobalSection
EndGlobal
